
Microsoft Visual Studio Solution File, Format Version 12.00
# Visual Studio Version 16
VisualStudioVersion = 16.0.30907.101
MinimumVisualStudioVersion = 10.0.40219.1
Project("{9A19103F-16F7-4668-BE54-9A1E7A4F7556}") = "HW_8_Task_1", "HW_8_Task_1\HW_8_Task_1.csproj", "{E4290345-2824-423C-BAE6-1241422694A2}"
EndProject
Project("{FAE04EC0-301F-11D3-BF4B-00C04F79EFBC}") = "HW_8_Task_1.Tests", "HW_8_Task_1.Tests\HW_8_Task_1.Tests.csproj", "{43326AC5-4DCD-4B0E-8E0A-EE77FA1D6AB9}"
EndProject
Global
	GlobalSection(SolutionConfigurationPlatforms) = preSolution
		Debug|Any CPU = Debug|Any CPU
		Release|Any CPU = Release|Any CPU
	EndGlobalSection
	GlobalSection(ProjectConfigurationPlatforms) = postSolution
		{E4290345-2824-423C-BAE6-1241422694A2}.Debug|Any CPU.ActiveCfg = Debug|Any CPU
		{E4290345-2824-423C-BAE6-1241422694A2}.Debug|Any CPU.Build.0 = Debug|Any CPU
		{E4290345-2824-423C-BAE6-1241422694A2}.Release|Any CPU.ActiveCfg = Release|Any CPU
		{E4290345-2824-423C-BAE6-1241422694A2}.Release|Any CPU.Build.0 = Release|Any CPU
		{43326AC5-4DCD-4B0E-8E0A-EE77FA1D6AB9}.Debug|Any CPU.ActiveCfg = Debug|Any CPU
		{43326AC5-4DCD-4B0E-8E0A-EE77FA1D6AB9}.Debug|Any CPU.Build.0 = Debug|Any CPU
		{43326AC5-4DCD-4B0E-8E0A-EE77FA1D6AB9}.Release|Any CPU.ActiveCfg = Release|Any CPU
		{43326AC5-4DCD-4B0E-8E0A-EE77FA1D6AB9}.Release|Any CPU.Build.0 = Release|Any CPU
	EndGlobalSection
	GlobalSection(SolutionProperties) = preSolution
		HideSolutionNode = FALSE
	EndGlobalSection
	GlobalSection(ExtensibilityGlobals) = postSolution
		SolutionGuid = {49AA580D-F832-492B-84B4-BA014043AB7E}
	EndGlobalSection
EndGlobal
