
Microsoft Visual Studio Solution File, Format Version 12.00
# Visual Studio Version 16
VisualStudioVersion = 16.0.30907.101
MinimumVisualStudioVersion = 10.0.40219.1
Project("{9A19103F-16F7-4668-BE54-9A1E7A4F7556}") = "HW_6_Task_2", "HW_6_Task_2\HW_6_Task_2.csproj", "{447A4012-B9F9-4799-A89B-4C207168BA71}"
EndProject
Project("{FAE04EC0-301F-11D3-BF4B-00C04F79EFBC}") = "HW_6_Task_2.Tests", "HW_6_Task_2.Tests\HW_6_Task_2.Tests.csproj", "{C7EBFBE4-CD58-4D37-ABC8-1286D0374895}"
EndProject
Global
	GlobalSection(SolutionConfigurationPlatforms) = preSolution
		Debug|Any CPU = Debug|Any CPU
		Release|Any CPU = Release|Any CPU
	EndGlobalSection
	GlobalSection(ProjectConfigurationPlatforms) = postSolution
		{447A4012-B9F9-4799-A89B-4C207168BA71}.Debug|Any CPU.ActiveCfg = Debug|Any CPU
		{447A4012-B9F9-4799-A89B-4C207168BA71}.Debug|Any CPU.Build.0 = Debug|Any CPU
		{447A4012-B9F9-4799-A89B-4C207168BA71}.Release|Any CPU.ActiveCfg = Release|Any CPU
		{447A4012-B9F9-4799-A89B-4C207168BA71}.Release|Any CPU.Build.0 = Release|Any CPU
		{C7EBFBE4-CD58-4D37-ABC8-1286D0374895}.Debug|Any CPU.ActiveCfg = Debug|Any CPU
		{C7EBFBE4-CD58-4D37-ABC8-1286D0374895}.Debug|Any CPU.Build.0 = Debug|Any CPU
		{C7EBFBE4-CD58-4D37-ABC8-1286D0374895}.Release|Any CPU.ActiveCfg = Release|Any CPU
		{C7EBFBE4-CD58-4D37-ABC8-1286D0374895}.Release|Any CPU.Build.0 = Release|Any CPU
	EndGlobalSection
	GlobalSection(SolutionProperties) = preSolution
		HideSolutionNode = FALSE
	EndGlobalSection
	GlobalSection(ExtensibilityGlobals) = postSolution
		SolutionGuid = {1DF7E35A-38F1-428C-96E0-E537B554545D}
	EndGlobalSection
EndGlobal
