
Microsoft Visual Studio Solution File, Format Version 12.00
# Visual Studio Version 16
VisualStudioVersion = 16.0.30907.101
MinimumVisualStudioVersion = 10.0.40219.1
Project("{FAE04EC0-301F-11D3-BF4B-00C04F79EFBC}") = "HW_5_Task_1", "HW_5_Task_1\HW_5_Task_1.csproj", "{ED29FC4D-5761-4D72-BBCC-F80A86417208}"
EndProject
Project("{FAE04EC0-301F-11D3-BF4B-00C04F79EFBC}") = "HW_5_Task_1Tests", "HW_5_Task_1Tests\HW_5_Task_1Tests.csproj", "{FD532681-7571-48E7-A474-D255928C0789}"
EndProject
Global
	GlobalSection(SolutionConfigurationPlatforms) = preSolution
		Debug|Any CPU = Debug|Any CPU
		Release|Any CPU = Release|Any CPU
	EndGlobalSection
	GlobalSection(ProjectConfigurationPlatforms) = postSolution
		{ED29FC4D-5761-4D72-BBCC-F80A86417208}.Debug|Any CPU.ActiveCfg = Debug|Any CPU
		{ED29FC4D-5761-4D72-BBCC-F80A86417208}.Debug|Any CPU.Build.0 = Debug|Any CPU
		{ED29FC4D-5761-4D72-BBCC-F80A86417208}.Release|Any CPU.ActiveCfg = Release|Any CPU
		{ED29FC4D-5761-4D72-BBCC-F80A86417208}.Release|Any CPU.Build.0 = Release|Any CPU
		{FD532681-7571-48E7-A474-D255928C0789}.Debug|Any CPU.ActiveCfg = Debug|Any CPU
		{FD532681-7571-48E7-A474-D255928C0789}.Debug|Any CPU.Build.0 = Debug|Any CPU
		{FD532681-7571-48E7-A474-D255928C0789}.Release|Any CPU.ActiveCfg = Release|Any CPU
		{FD532681-7571-48E7-A474-D255928C0789}.Release|Any CPU.Build.0 = Release|Any CPU
	EndGlobalSection
	GlobalSection(SolutionProperties) = preSolution
		HideSolutionNode = FALSE
	EndGlobalSection
	GlobalSection(ExtensibilityGlobals) = postSolution
		SolutionGuid = {7C6AA126-86FB-4F0D-9853-20C39D268CEA}
	EndGlobalSection
EndGlobal
