
Microsoft Visual Studio Solution File, Format Version 12.00
# Visual Studio Version 16
VisualStudioVersion = 16.0.30907.101
MinimumVisualStudioVersion = 10.0.40219.1
Project("{9A19103F-16F7-4668-BE54-9A1E7A4F7556}") = "HW_7_Task_1", "HW_7_Task_1\HW_7_Task_1.csproj", "{488B8B72-F589-4C29-B658-89BF4F1F733E}"
EndProject
Project("{FAE04EC0-301F-11D3-BF4B-00C04F79EFBC}") = "HW_7_Task_1.Tests", "HW_7_Task_1.Tests\HW_7_Task_1.Tests.csproj", "{BFCB73BB-446C-4DCD-8CE4-1682AA95A2D6}"
EndProject
Global
	GlobalSection(SolutionConfigurationPlatforms) = preSolution
		Debug|Any CPU = Debug|Any CPU
		Release|Any CPU = Release|Any CPU
	EndGlobalSection
	GlobalSection(ProjectConfigurationPlatforms) = postSolution
		{488B8B72-F589-4C29-B658-89BF4F1F733E}.Debug|Any CPU.ActiveCfg = Debug|Any CPU
		{488B8B72-F589-4C29-B658-89BF4F1F733E}.Debug|Any CPU.Build.0 = Debug|Any CPU
		{488B8B72-F589-4C29-B658-89BF4F1F733E}.Release|Any CPU.ActiveCfg = Release|Any CPU
		{488B8B72-F589-4C29-B658-89BF4F1F733E}.Release|Any CPU.Build.0 = Release|Any CPU
		{BFCB73BB-446C-4DCD-8CE4-1682AA95A2D6}.Debug|Any CPU.ActiveCfg = Debug|Any CPU
		{BFCB73BB-446C-4DCD-8CE4-1682AA95A2D6}.Debug|Any CPU.Build.0 = Debug|Any CPU
		{BFCB73BB-446C-4DCD-8CE4-1682AA95A2D6}.Release|Any CPU.ActiveCfg = Release|Any CPU
		{BFCB73BB-446C-4DCD-8CE4-1682AA95A2D6}.Release|Any CPU.Build.0 = Release|Any CPU
	EndGlobalSection
	GlobalSection(SolutionProperties) = preSolution
		HideSolutionNode = FALSE
	EndGlobalSection
	GlobalSection(ExtensibilityGlobals) = postSolution
		SolutionGuid = {E2DF1A23-9617-42BE-8650-CC236F75D3FE}
	EndGlobalSection
EndGlobal
