
Microsoft Visual Studio Solution File, Format Version 12.00
# Visual Studio Version 16
VisualStudioVersion = 16.0.30907.101
MinimumVisualStudioVersion = 10.0.40219.1
Project("{FAE04EC0-301F-11D3-BF4B-00C04F79EFBC}") = "HW_1_Task_2", "HW_1_Task_2\HW_1_Task_2.csproj", "{F7E18F6B-A9CA-45AF-9625-D2BE98F57445}"
EndProject
Global
	GlobalSection(SolutionConfigurationPlatforms) = preSolution
		Debug|Any CPU = Debug|Any CPU
		Release|Any CPU = Release|Any CPU
	EndGlobalSection
	GlobalSection(ProjectConfigurationPlatforms) = postSolution
		{F7E18F6B-A9CA-45AF-9625-D2BE98F57445}.Debug|Any CPU.ActiveCfg = Debug|Any CPU
		{F7E18F6B-A9CA-45AF-9625-D2BE98F57445}.Debug|Any CPU.Build.0 = Debug|Any CPU
		{F7E18F6B-A9CA-45AF-9625-D2BE98F57445}.Release|Any CPU.ActiveCfg = Release|Any CPU
		{F7E18F6B-A9CA-45AF-9625-D2BE98F57445}.Release|Any CPU.Build.0 = Release|Any CPU
	EndGlobalSection
	GlobalSection(SolutionProperties) = preSolution
		HideSolutionNode = FALSE
	EndGlobalSection
	GlobalSection(ExtensibilityGlobals) = postSolution
		SolutionGuid = {183E6774-B4AB-476B-BD9F-B87772E0AC7B}
	EndGlobalSection
EndGlobal
